
Microsoft Visual Studio Solution File, Format Version 12.00
# Visual Studio Version 17
VisualStudioVersion = 17.11.35303.130
MinimumVisualStudioVersion = 10.0.40219.1
Project("{FAE04EC0-301F-11D3-BF4B-00C04F79EFBC}") = "CompetencyLabSix", "CompetencyLabSix.csproj", "{A020AC18-5837-48BE-A605-80629E939997}"
EndProject
Global
	GlobalSection(SolutionConfigurationPlatforms) = preSolution
		Debug|Any CPU = Debug|Any CPU
		Release|Any CPU = Release|Any CPU
	EndGlobalSection
	GlobalSection(ProjectConfigurationPlatforms) = postSolution
		{A020AC18-5837-48BE-A605-80629E939997}.Debug|Any CPU.ActiveCfg = Debug|Any CPU
		{A020AC18-5837-48BE-A605-80629E939997}.Debug|Any CPU.Build.0 = Debug|Any CPU
		{A020AC18-5837-48BE-A605-80629E939997}.Release|Any CPU.ActiveCfg = Release|Any CPU
		{A020AC18-5837-48BE-A605-80629E939997}.Release|Any CPU.Build.0 = Release|Any CPU
	EndGlobalSection
	GlobalSection(SolutionProperties) = preSolution
		HideSolutionNode = FALSE
	EndGlobalSection
	GlobalSection(ExtensibilityGlobals) = postSolution
		SolutionGuid = {C57C772E-DA83-4D2A-8701-E8F994E83749}
	EndGlobalSection
EndGlobal
